
Microsoft Visual Studio Solution File, Format Version 12.00
# Visual Studio Version 17
VisualStudioVersion = 17.14.36518.9 d17.14
MinimumVisualStudioVersion = 10.0.40219.1
Project("{FAE04EC0-301F-11D3-BF4B-00C04F79EFBC}") = "TranThanhPhuong_1150080165", "TranThanhPhuong_1150080165\TranThanhPhuong_1150080165.csproj", "{5949F6AE-0A81-4191-9AD5-A68F8436B769}"
EndProject
Global
	GlobalSection(SolutionConfigurationPlatforms) = preSolution
		Debug|Any CPU = Debug|Any CPU
		Release|Any CPU = Release|Any CPU
	EndGlobalSection
	GlobalSection(ProjectConfigurationPlatforms) = postSolution
		{5949F6AE-0A81-4191-9AD5-A68F8436B769}.Debug|Any CPU.ActiveCfg = Debug|Any CPU
		{5949F6AE-0A81-4191-9AD5-A68F8436B769}.Debug|Any CPU.Build.0 = Debug|Any CPU
		{5949F6AE-0A81-4191-9AD5-A68F8436B769}.Release|Any CPU.ActiveCfg = Release|Any CPU
		{5949F6AE-0A81-4191-9AD5-A68F8436B769}.Release|Any CPU.Build.0 = Release|Any CPU
	EndGlobalSection
	GlobalSection(SolutionProperties) = preSolution
		HideSolutionNode = FALSE
	EndGlobalSection
	GlobalSection(ExtensibilityGlobals) = postSolution
		SolutionGuid = {E2780994-6369-4D49-BC3B-120DD96AA0A8}
	EndGlobalSection
EndGlobal
